
Microsoft Visual Studio Solution File, Format Version 12.00
# Visual Studio Version 16
VisualStudioVersion = 16.0.31727.386
MinimumVisualStudioVersion = 10.0.40219.1
Project("{9A19103F-16F7-4668-BE54-9A1E7A4F7556}") = "CadastroCaminhoneirosMVC", "CadastroCaminhoneirosMVC\CadastroCaminhoneirosMVC.csproj", "{C3B678EA-4455-4BC1-B02F-9A64135E4BB7}"
EndProject
Project("{9A19103F-16F7-4668-BE54-9A1E7A4F7556}") = "CadastroCaminhoneirosAPI", "CadastroCaminhoneirosAPI\CadastroCaminhoneirosAPI.csproj", "{53188B4D-E827-48D3-97FB-9F2C02965F3F}"
EndProject
Project("{FAE04EC0-301F-11D3-BF4B-00C04F79EFBC}") = "CadastroCaminhoneirosTest", "CadastroCaminhoneirosTest\CadastroCaminhoneirosTest.csproj", "{B90EE6F4-0F3B-45C5-B23A-51AD5A143243}"
EndProject
Global
	GlobalSection(SolutionConfigurationPlatforms) = preSolution
		Debug|Any CPU = Debug|Any CPU
		Release|Any CPU = Release|Any CPU
	EndGlobalSection
	GlobalSection(ProjectConfigurationPlatforms) = postSolution
		{C3B678EA-4455-4BC1-B02F-9A64135E4BB7}.Debug|Any CPU.ActiveCfg = Debug|Any CPU
		{C3B678EA-4455-4BC1-B02F-9A64135E4BB7}.Debug|Any CPU.Build.0 = Debug|Any CPU
		{C3B678EA-4455-4BC1-B02F-9A64135E4BB7}.Release|Any CPU.ActiveCfg = Release|Any CPU
		{C3B678EA-4455-4BC1-B02F-9A64135E4BB7}.Release|Any CPU.Build.0 = Release|Any CPU
		{53188B4D-E827-48D3-97FB-9F2C02965F3F}.Debug|Any CPU.ActiveCfg = Debug|Any CPU
		{53188B4D-E827-48D3-97FB-9F2C02965F3F}.Debug|Any CPU.Build.0 = Debug|Any CPU
		{53188B4D-E827-48D3-97FB-9F2C02965F3F}.Release|Any CPU.ActiveCfg = Release|Any CPU
		{53188B4D-E827-48D3-97FB-9F2C02965F3F}.Release|Any CPU.Build.0 = Release|Any CPU
		{B90EE6F4-0F3B-45C5-B23A-51AD5A143243}.Debug|Any CPU.ActiveCfg = Debug|Any CPU
		{B90EE6F4-0F3B-45C5-B23A-51AD5A143243}.Debug|Any CPU.Build.0 = Debug|Any CPU
		{B90EE6F4-0F3B-45C5-B23A-51AD5A143243}.Release|Any CPU.ActiveCfg = Release|Any CPU
		{B90EE6F4-0F3B-45C5-B23A-51AD5A143243}.Release|Any CPU.Build.0 = Release|Any CPU
	EndGlobalSection
	GlobalSection(SolutionProperties) = preSolution
		HideSolutionNode = FALSE
	EndGlobalSection
	GlobalSection(ExtensibilityGlobals) = postSolution
		SolutionGuid = {94326600-4938-4615-A60D-159F307E563B}
	EndGlobalSection
EndGlobal
